<?xml version="1.0" encoding="utf-8"?>
<Project ToolsVersion="16.0" xmlns="http://schemas.microsoft.com/developer/msbuild/2003">
  <ItemGroup>
    <Filter Include="Version">
      <UniqueIdentifier>{0d6d54a0-90c3-464f-bb9f-1c4a64d6689b}</UniqueIdentifier>
    </Filter>
    <Filter Include="EasingWindow">
      <UniqueIdentifier>{f7e5c91a-a27d-4dd0-811a-fd3cde6f5a07}</UniqueIdentifier>
    </Filter>
    <Filter Include="Dependecies">
      <UniqueIdentifier>{0e3a430a-e2f9-4294-875e-362b18fec575}</UniqueIdentifier>
    </Filter>
    <Filter Include="Util">
      <UniqueIdentifier>{0133601a-f6f7-4f1c-852d-e57dd609fb87}</UniqueIdentifier>
    </Filter>
  </ItemGroup>
  <ItemGroup>
    <ClInclude Include="Version.h">
      <Filter>Version</Filter>
    </ClInclude>
    <ClInclude Include="EasingWindow.h">
      <Filter>EasingWindow</Filter>
    </ClInclude>
    <ClInclude Include="Util\Entry.h">
      <Filter>Util</Filter>
    </ClInclude>
    <ClInclude Include="Util\FileWin.h">
      <Filter>Util</Filter>
    </ClInclude>
    <ClInclude Include="Util\Math.h">
      <Filter>Util</Filter>
    </ClInclude>
    <ClInclude Include="Util\Point.h">
      <Filter>Util</Filter>
    </ClInclude>
    <ClInclude Include="Util\String.h">
      <Filter>Util</Filter>
    </ClInclude>
    <ClInclude Include="Util\WindowWin.h">
      <Filter>Util</Filter>
    </ClInclude>
    <ClInclude Include="Dependecies\Animator.h">
      <Filter>Dependecies</Filter>
    </ClInclude>
    <ClInclude Include="Dependecies\Command.h">
      <Filter>Dependecies</Filter>
    </ClInclude>
    <ClInclude Include="Dependecies\CommandHandler.h">
      <Filter>Dependecies</Filter>
    </ClInclude>
    <ClInclude Include="Dependecies\Config.h">
      <Filter>Dependecies</Filter>
    </ClInclude>
    <ClInclude Include="Dependecies\Direction.h">
      <Filter>Dependecies</Filter>
    </ClInclude>
    <ClInclude Include="Dependecies\Easing.h">
      <Filter>Dependecies</Filter>
    </ClInclude>
    <ClInclude Include="Dependecies\Motion.h">
      <Filter>Dependecies</Filter>
    </ClInclude>
  </ItemGroup>
  <ItemGroup>
    <ResourceCompile Include="EasingWindow.rc">
      <Filter>Version</Filter>
    </ResourceCompile>
  </ItemGroup>
  <ItemGroup>
    <ClCompile Include="EasingWindow.cpp">
      <Filter>EasingWindow</Filter>
    </ClCompile>
    <ClCompile Include="Util\FileWin.cpp">
      <Filter>Util</Filter>
    </ClCompile>
    <ClCompile Include="Util\Math.cpp">
      <Filter>Util</Filter>
    </ClCompile>
    <ClCompile Include="Util\WindowWin.cpp">
      <Filter>Util</Filter>
    </ClCompile>
    <ClCompile Include="Dependecies\Animator.cpp">
      <Filter>Dependecies</Filter>
    </ClCompile>
    <ClCompile Include="Dependecies\Easing.cpp">
      <Filter>Dependecies</Filter>
    </ClCompile>
    <ClCompile Include="Dependecies\Motion.cpp">
      <Filter>Dependecies</Filter>
    </ClCompile>
  </ItemGroup>
</Project>